// !$*UTF8*$!
{
	archiveVersion = 1;
	classes = {
	};
	objectVersion = 48;
	objects = {

/* Begin PBXBuildFile section */
		EF4CF7B0201216AC00AC1CBC /* libFileLib.a in Frameworks */ = {isa = PBXBuildFile; fileRef = EF4CF7B1201216AC00AC1CBC /* libFileLib.a */; };
		EF55F57420121AB00087BEA3 /* Cocoa.framework in Frameworks */ = {isa = PBXBuildFile; fileRef = EF55F57320121AB00087BEA3 /* Cocoa.framework */; };
		EFA14B5F201216F400CBDDFA /* libFoundationLib.a in Frameworks */ = {isa = PBXBuildFile; fileRef = EFA14B60201216F400CBDDFA /* libFoundationLib.a */; };
		EFA14B612012171B00CBDDFA /* libStringLib.a in Frameworks */ = {isa = PBXBuildFile; fileRef = EFA14B622012171B00CBDDFA /* libStringLib.a */; };
		EFF564992010A5770003D85D /* main.cpp in Sources */ = {isa = PBXBuildFile; fileRef = EFF564982010A5770003D85D /* main.cpp */; };
/* End PBXBuildFile section */

/* Begin PBXCopyFilesBuildPhase section */
		EFF564932010A5770003D85D /* CopyFiles */ = {
			isa = PBXCopyFilesBuildPhase;
			buildActionMask = 2147483647;
			dstPath = /usr/share/man/man1/;
			dstSubfolderSpec = 0;
			files = (
			);
			runOnlyForDeploymentPostprocessing = 1;
		};
/* End PBXCopyFilesBuildPhase section */

/* Begin PBXFileReference section */
		EF4CF7B1201216AC00AC1CBC /* libFileLib.a */ = {isa = PBXFileReference; explicitFileType = archive.ar; path = libFileLib.a; sourceTree = BUILT_PRODUCTS_DIR; };
		EF55F57320121AB00087BEA3 /* Cocoa.framework */ = {isa = PBXFileReference; lastKnownFileType = wrapper.framework; name = Cocoa.framework; path = System/Library/Frameworks/Cocoa.framework; sourceTree = SDKROOT; };
		EFA14B60201216F400CBDDFA /* libFoundationLib.a */ = {isa = PBXFileReference; explicitFileType = archive.ar; path = libFoundationLib.a; sourceTree = BUILT_PRODUCTS_DIR; };
		EFA14B622012171B00CBDDFA /* libStringLib.a */ = {isa = PBXFileReference; explicitFileType = archive.ar; path = libStringLib.a; sourceTree = BUILT_PRODUCTS_DIR; };
		EFF564952010A5770003D85D /* compare */ = {isa = PBXFileReference; explicitFileType = "compiled.mach-o.executable"; includeInIndex = 0; path = compare; sourceTree = BUILT_PRODUCTS_DIR; };
		EFF564982010A5770003D85D /* main.cpp */ = {isa = PBXFileReference; lastKnownFileType = sourcecode.cpp.cpp; path = main.cpp; sourceTree = "<group>"; };
/* End PBXFileReference section */

/* Begin PBXFrameworksBuildPhase section */
		EFF564922010A5770003D85D /* Frameworks */ = {
			isa = PBXFrameworksBuildPhase;
			buildActionMask = 2147483647;
			files = (
				EF55F57420121AB00087BEA3 /* Cocoa.framework in Frameworks */,
				EFA14B612012171B00CBDDFA /* libStringLib.a in Frameworks */,
				EFA14B5F201216F400CBDDFA /* libFoundationLib.a in Frameworks */,
				EF4CF7B0201216AC00AC1CBC /* libFileLib.a in Frameworks */,
			);
			runOnlyForDeploymentPostprocessing = 0;
		};
/* End PBXFrameworksBuildPhase section */

/* Begin PBXGroup section */
		EF4CF7AF201216AC00AC1CBC /* Frameworks */ = {
			isa = PBXGroup;
			children = (
				EF55F57320121AB00087BEA3 /* Cocoa.framework */,
				EFA14B622012171B00CBDDFA /* libStringLib.a */,
				EFA14B60201216F400CBDDFA /* libFoundationLib.a */,
				EF4CF7B1201216AC00AC1CBC /* libFileLib.a */,
			);
			name = Frameworks;
			sourceTree = "<group>";
		};
		EFF5648C2010A5770003D85D = {
			isa = PBXGroup;
			children = (
				EFF564972010A5770003D85D /* compare */,
				EFF564962010A5770003D85D /* Products */,
				EF4CF7AF201216AC00AC1CBC /* Frameworks */,
			);
			sourceTree = "<group>";
		};
		EFF564962010A5770003D85D /* Products */ = {
			isa = PBXGroup;
			children = (
				EFF564952010A5770003D85D /* compare */,
			);
			name = Products;
			sourceTree = "<group>";
		};
		EFF564972010A5770003D85D /* compare */ = {
			isa = PBXGroup;
			children = (
				EFF564982010A5770003D85D /* main.cpp */,
			);
			path = compare;
			sourceTree = "<group>";
		};
/* End PBXGroup section */

/* Begin PBXNativeTarget section */
		EFF564942010A5770003D85D /* compare */ = {
			isa = PBXNativeTarget;
			buildConfigurationList = EFF5649C2010A5770003D85D /* Build configuration list for PBXNativeTarget "compare" */;
			buildPhases = (
				EFF564912010A5770003D85D /* Sources */,
				EFF564922010A5770003D85D /* Frameworks */,
				EFF564932010A5770003D85D /* CopyFiles */,
			);
			buildRules = (
			);
			dependencies = (
			);
			name = compare;
			productName = compare;
			productReference = EFF564952010A5770003D85D /* compare */;
			productType = "com.apple.product-type.tool";
		};
/* End PBXNativeTarget section */

/* Begin PBXProject section */
		EFF5648D2010A5770003D85D /* Project object */ = {
			isa = PBXProject;
			attributes = {
				LastUpgradeCheck = 0920;
				ORGANIZATIONNAME = "Paul Young";
				TargetAttributes = {
					EFF564942010A5770003D85D = {
						CreatedOnToolsVersion = 9.2;
						ProvisioningStyle = Automatic;
					};
				};
			};
			buildConfigurationList = EFF564902010A5770003D85D /* Build configuration list for PBXProject "compare" */;
			compatibilityVersion = "Xcode 8.0";
			developmentRegion = en;
			hasScannedForEncodings = 0;
			knownRegions = (
				en,
			);
			mainGroup = EFF5648C2010A5770003D85D;
			productRefGroup = EFF564962010A5770003D85D /* Products */;
			projectDirPath = "";
			projectRoot = "";
			targets = (
				EFF564942010A5770003D85D /* compare */,
			);
		};
/* End PBXProject section */

/* Begin PBXSourcesBuildPhase section */
		EFF564912010A5770003D85D /* Sources */ = {
			isa = PBXSourcesBuildPhase;
			buildActionMask = 2147483647;
			files = (
				EFF564992010A5770003D85D /* main.cpp in Sources */,
			);
			runOnlyForDeploymentPostprocessing = 0;
		};
/* End PBXSourcesBuildPhase section */

/* Begin XCBuildConfiguration section */
		EFF5649A2010A5770003D85D /* Debug */ = {
			isa = XCBuildConfiguration;
			buildSettings = {
				ALWAYS_SEARCH_USER_PATHS = NO;
				CLANG_ANALYZER_NONNULL = YES;
				CLANG_ANALYZER_NUMBER_OBJECT_CONVERSION = YES_AGGRESSIVE;
				CLANG_CXX_LANGUAGE_STANDARD = "gnu++14";
				CLANG_CXX_LIBRARY = "libc++";
				CLANG_ENABLE_MODULES = YES;
				CLANG_ENABLE_OBJC_ARC = YES;
				CLANG_WARN_BLOCK_CAPTURE_AUTORELEASING = YES;
				CLANG_WARN_BOOL_CONVERSION = YES;
				CLANG_WARN_COMMA = YES;
				CLANG_WARN_CONSTANT_CONVERSION = YES;
				CLANG_WARN_DIRECT_OBJC_ISA_USAGE = YES_ERROR;
				CLANG_WARN_DOCUMENTATION_COMMENTS = YES;
				CLANG_WARN_EMPTY_BODY = YES;
				CLANG_WARN_ENUM_CONVERSION = YES;
				CLANG_WARN_INFINITE_RECURSION = YES;
				CLANG_WARN_INT_CONVERSION = YES;
				CLANG_WARN_NON_LITERAL_NULL_CONVERSION = YES;
				CLANG_WARN_OBJC_LITERAL_CONVERSION = YES;
				CLANG_WARN_OBJC_ROOT_CLASS = YES_ERROR;
				CLANG_WARN_RANGE_LOOP_ANALYSIS = YES;
				CLANG_WARN_STRICT_PROTOTYPES = YES;
				CLANG_WARN_SUSPICIOUS_MOVE = YES;
				CLANG_WARN_UNGUARDED_AVAILABILITY = YES_AGGRESSIVE;
				CLANG_WARN_UNREACHABLE_CODE = YES;
				CLANG_WARN__DUPLICATE_METHOD_MATCH = YES;
				CODE_SIGN_IDENTITY = "-";
				COPY_PHASE_STRIP = NO;
				DEBUG_INFORMATION_FORMAT = dwarf;
				ENABLE_STRICT_OBJC_MSGSEND = YES;
				ENABLE_TESTABILITY = YES;
				GCC_C_LANGUAGE_STANDARD = gnu11;
				GCC_DYNAMIC_NO_PIC = NO;
				GCC_NO_COMMON_BLOCKS = YES;
				GCC_OPTIMIZATION_LEVEL = 0;
				GCC_PREPROCESSOR_DEFINITIONS = (
					"DEBUG=1",
					"$(inherited)",
				);
				GCC_WARN_64_TO_32_BIT_CONVERSION = YES;
				GCC_WARN_ABOUT_RETURN_TYPE = YES_ERROR;
				GCC_WARN_UNDECLARED_SELECTOR = YES;
				GCC_WARN_UNINITIALIZED_AUTOS = YES_AGGRESSIVE;
				GCC_WARN_UNUSED_FUNCTION = YES;
				GCC_WARN_UNUSED_VARIABLE = YES;
				MACOSX_DEPLOYMENT_TARGET = 10.13;
				MTL_ENABLE_DEBUG_INFO = YES;
				ONLY_ACTIVE_ARCH = YES;
				SDKROOT = macosx;
			};
			name = Debug;
		};
		EFF5649B2010A5770003D85D /* Release */ = {
			isa = XCBuildConfiguration;
			buildSettings = {
				ALWAYS_SEARCH_USER_PATHS = NO;
				CLANG_ANALYZER_NONNULL = YES;
				CLANG_ANALYZER_NUMBER_OBJECT_CONVERSION = YES_AGGRESSIVE;
				CLANG_CXX_LANGUAGE_STANDARD = "gnu++14";
				CLANG_CXX_LIBRARY = "libc++";
				CLANG_ENABLE_MODULES = YES;
				CLANG_ENABLE_OBJC_ARC = YES;
				CLANG_WARN_BLOCK_CAPTURE_AUTORELEASING = YES;
				CLANG_WARN_BOOL_CONVERSION = YES;
				CLANG_WARN_COMMA = YES;
				CLANG_WARN_CONSTANT_CONVERSION = YES;
				CLANG_WARN_DIRECT_OBJC_ISA_USAGE = YES_ERROR;
				CLANG_WARN_DOCUMENTATION_COMMENTS = YES;
				CLANG_WARN_EMPTY_BODY = YES;
				CLANG_WARN_ENUM_CONVERSION = YES;
				CLANG_WARN_INFINITE_RECURSION = YES;
				CLANG_WARN_INT_CONVERSION = YES;
				CLANG_WARN_NON_LITERAL_NULL_CONVERSION = YES;
				CLANG_WARN_OBJC_LITERAL_CONVERSION = YES;
				CLANG_WARN_OBJC_ROOT_CLASS = YES_ERROR;
				CLANG_WARN_RANGE_LOOP_ANALYSIS = YES;
				CLANG_WARN_STRICT_PROTOTYPES = YES;
				CLANG_WARN_SUSPICIOUS_MOVE = YES;
				CLANG_WARN_UNGUARDED_AVAILABILITY = YES_AGGRESSIVE;
				CLANG_WARN_UNREACHABLE_CODE = YES;
				CLANG_WARN__DUPLICATE_METHOD_MATCH = YES;
				CODE_SIGN_IDENTITY = "-";
				COPY_PHASE_STRIP = NO;
				DEBUG_INFORMATION_FORMAT = "dwarf-with-dsym";
				ENABLE_NS_ASSERTIONS = NO;
				ENABLE_STRICT_OBJC_MSGSEND = YES;
				GCC_C_LANGUAGE_STANDARD = gnu11;
				GCC_NO_COMMON_BLOCKS = YES;
				GCC_WARN_64_TO_32_BIT_CONVERSION = YES;
				GCC_WARN_ABOUT_RETURN_TYPE = YES_ERROR;
				GCC_WARN_UNDECLARED_SELECTOR = YES;
				GCC_WARN_UNINITIALIZED_AUTOS = YES_AGGRESSIVE;
				GCC_WARN_UNUSED_FUNCTION = YES;
				GCC_WARN_UNUSED_VARIABLE = YES;
				MACOSX_DEPLOYMENT_TARGET = 10.13;
				MTL_ENABLE_DEBUG_INFO = NO;
				SDKROOT = macosx;
			};
			name = Release;
		};
		EFF5649D2010A5770003D85D /* Debug */ = {
			isa = XCBuildConfiguration;
			buildSettings = {
				CODE_SIGN_STYLE = Automatic;
				HEADER_SEARCH_PATHS = ../../Hermit;
				PRODUCT_NAME = "$(TARGET_NAME)";
			};
			name = Debug;
		};
		EFF5649E2010A5770003D85D /* Release */ = {
			isa = XCBuildConfiguration;
			buildSettings = {
				CODE_SIGN_STYLE = Automatic;
				HEADER_SEARCH_PATHS = ../../Hermit;
				PRODUCT_NAME = "$(TARGET_NAME)";
			};
			name = Release;
		};
/* End XCBuildConfiguration section */

/* Begin XCConfigurationList section */
		EFF564902010A5770003D85D /* Build configuration list for PBXProject "compare" */ = {
			isa = XCConfigurationList;
			buildConfigurations = (
				EFF5649A2010A5770003D85D /* Debug */,
				EFF5649B2010A5770003D85D /* Release */,
			);
			defaultConfigurationIsVisible = 0;
			defaultConfigurationName = Release;
		};
		EFF5649C2010A5770003D85D /* Build configuration list for PBXNativeTarget "compare" */ = {
			isa = XCConfigurationList;
			buildConfigurations = (
				EFF5649D2010A5770003D85D /* Debug */,
				EFF5649E2010A5770003D85D /* Release */,
			);
			defaultConfigurationIsVisible = 0;
			defaultConfigurationName = Release;
		};
/* End XCConfigurationList section */
	};
	rootObject = EFF5648D2010A5770003D85D /* Project object */;
}
